// !$*UTF8*$!
{
	archiveVersion = 1;
	classes = {
	};
	objectVersion = 50;
	objects = {

/* Begin PBXBuildFile section */
		8500111122D8D9A600D10BCC /* AppDelegate.swift in Sources */ = {isa = PBXBuildFile; fileRef = 8500111022D8D9A600D10BCC /* AppDelegate.swift */; };
		8500111622D8D9A600D10BCC /* Main.storyboard in Resources */ = {isa = PBXBuildFile; fileRef = 8500111422D8D9A600D10BCC /* Main.storyboard */; };
		8500111822D8D9A700D10BCC /* Assets.xcassets in Resources */ = {isa = PBXBuildFile; fileRef = 8500111722D8D9A700D10BCC /* Assets.xcassets */; };
		8500111B22D8D9A700D10BCC /* LaunchScreen.storyboard in Resources */ = {isa = PBXBuildFile; fileRef = 8500111922D8D9A700D10BCC /* LaunchScreen.storyboard */; };
		8500112822D8DF6500D10BCC /* ContactListTableViewController.swift in Sources */ = {isa = PBXBuildFile; fileRef = 8500112722D8DF6500D10BCC /* ContactListTableViewController.swift */; };
		8500112B22D8DFC800D10BCC /* ContactTableViewCell.swift in Sources */ = {isa = PBXBuildFile; fileRef = 8500112A22D8DFC800D10BCC /* ContactTableViewCell.swift */; };
		8500112D22D8E00500D10BCC /* Contact.swift in Sources */ = {isa = PBXBuildFile; fileRef = 8500112C22D8E00500D10BCC /* Contact.swift */; };
		8500113022D8E0EB00D10BCC /* ContactController.swift in Sources */ = {isa = PBXBuildFile; fileRef = 8500112F22D8E0EB00D10BCC /* ContactController.swift */; };
		8500113222D8E23400D10BCC /* ContactDetailViewController.swift in Sources */ = {isa = PBXBuildFile; fileRef = 8500113122D8E23400D10BCC /* ContactDetailViewController.swift */; };
/* End PBXBuildFile section */

/* Begin PBXFileReference section */
		8500110D22D8D9A600D10BCC /* CloudContacts.app */ = {isa = PBXFileReference; explicitFileType = wrapper.application; includeInIndex = 0; path = CloudContacts.app; sourceTree = BUILT_PRODUCTS_DIR; };
		8500111022D8D9A600D10BCC /* AppDelegate.swift */ = {isa = PBXFileReference; lastKnownFileType = sourcecode.swift; path = AppDelegate.swift; sourceTree = "<group>"; };
		8500111522D8D9A600D10BCC /* Base */ = {isa = PBXFileReference; lastKnownFileType = file.storyboard; name = Base; path = Base.lproj/Main.storyboard; sourceTree = "<group>"; };
		8500111722D8D9A700D10BCC /* Assets.xcassets */ = {isa = PBXFileReference; lastKnownFileType = folder.assetcatalog; path = Assets.xcassets; sourceTree = "<group>"; };
		8500111A22D8D9A700D10BCC /* Base */ = {isa = PBXFileReference; lastKnownFileType = file.storyboard; name = Base; path = Base.lproj/LaunchScreen.storyboard; sourceTree = "<group>"; };
		8500111C22D8D9A700D10BCC /* Info.plist */ = {isa = PBXFileReference; lastKnownFileType = text.plist.xml; path = Info.plist; sourceTree = "<group>"; };
		8500112722D8DF6500D10BCC /* ContactListTableViewController.swift */ = {isa = PBXFileReference; lastKnownFileType = sourcecode.swift; path = ContactListTableViewController.swift; sourceTree = "<group>"; };
		8500112A22D8DFC800D10BCC /* ContactTableViewCell.swift */ = {isa = PBXFileReference; lastKnownFileType = sourcecode.swift; path = ContactTableViewCell.swift; sourceTree = "<group>"; };
		8500112C22D8E00500D10BCC /* Contact.swift */ = {isa = PBXFileReference; lastKnownFileType = sourcecode.swift; path = Contact.swift; sourceTree = "<group>"; };
		8500112F22D8E0EB00D10BCC /* ContactController.swift */ = {isa = PBXFileReference; lastKnownFileType = sourcecode.swift; path = ContactController.swift; sourceTree = "<group>"; };
		8500113122D8E23400D10BCC /* ContactDetailViewController.swift */ = {isa = PBXFileReference; lastKnownFileType = sourcecode.swift; path = ContactDetailViewController.swift; sourceTree = "<group>"; };
/* End PBXFileReference section */

/* Begin PBXFrameworksBuildPhase section */
		8500110A22D8D9A600D10BCC /* Frameworks */ = {
			isa = PBXFrameworksBuildPhase;
			buildActionMask = 2147483647;
			files = (
			);
			runOnlyForDeploymentPostprocessing = 0;
		};
/* End PBXFrameworksBuildPhase section */

/* Begin PBXGroup section */
		8500110422D8D9A500D10BCC = {
			isa = PBXGroup;
			children = (
				8500110F22D8D9A600D10BCC /* CloudContacts */,
				8500110E22D8D9A600D10BCC /* Products */,
			);
			sourceTree = "<group>";
		};
		8500110E22D8D9A600D10BCC /* Products */ = {
			isa = PBXGroup;
			children = (
				8500110D22D8D9A600D10BCC /* CloudContacts.app */,
			);
			name = Products;
			sourceTree = "<group>";
		};
		8500110F22D8D9A600D10BCC /* CloudContacts */ = {
			isa = PBXGroup;
			children = (
				8500112622D8DAAC00D10BCC /* Models */,
				8500112422D8DA9A00D10BCC /* Views */,
				8500112522D8DAA500D10BCC /* Controllers */,
				8500112222D8DA8200D10BCC /* Resources */,
			);
			path = CloudContacts;
			sourceTree = "<group>";
		};
		8500112222D8DA8200D10BCC /* Resources */ = {
			isa = PBXGroup;
			children = (
				8500111022D8D9A600D10BCC /* AppDelegate.swift */,
				8500111722D8D9A700D10BCC /* Assets.xcassets */,
				8500111C22D8D9A700D10BCC /* Info.plist */,
			);
			path = Resources;
			sourceTree = "<group>";
		};
		8500112322D8DA8A00D10BCC /* ViewControllers */ = {
			isa = PBXGroup;
			children = (
				8500112922D8DFB100D10BCC /* CustomViews */,
				8500112722D8DF6500D10BCC /* ContactListTableViewController.swift */,
				8500113122D8E23400D10BCC /* ContactDetailViewController.swift */,
			);
			path = ViewControllers;
			sourceTree = "<group>";
		};
		8500112422D8DA9A00D10BCC /* Views */ = {
			isa = PBXGroup;
			children = (
				8500111922D8D9A700D10BCC /* LaunchScreen.storyboard */,
				8500111422D8D9A600D10BCC /* Main.storyboard */,
			);
			path = Views;
			sourceTree = "<group>";
		};
		8500112522D8DAA500D10BCC /* Controllers */ = {
			isa = PBXGroup;
			children = (
				8500112E22D8E0DB00D10BCC /* ModelControllers */,
				8500112322D8DA8A00D10BCC /* ViewControllers */,
			);
			path = Controllers;
			sourceTree = "<group>";
		};
		8500112622D8DAAC00D10BCC /* Models */ = {
			isa = PBXGroup;
			children = (
				8500112C22D8E00500D10BCC /* Contact.swift */,
			);
			path = Models;
			sourceTree = "<group>";
		};
		8500112922D8DFB100D10BCC /* CustomViews */ = {
			isa = PBXGroup;
			children = (
				8500112A22D8DFC800D10BCC /* ContactTableViewCell.swift */,
			);
			path = CustomViews;
			sourceTree = "<group>";
		};
		8500112E22D8E0DB00D10BCC /* ModelControllers */ = {
			isa = PBXGroup;
			children = (
				8500112F22D8E0EB00D10BCC /* ContactController.swift */,
			);
			path = ModelControllers;
			sourceTree = "<group>";
		};
/* End PBXGroup section */

/* Begin PBXNativeTarget section */
		8500110C22D8D9A600D10BCC /* CloudContacts */ = {
			isa = PBXNativeTarget;
			buildConfigurationList = 8500111F22D8D9A700D10BCC /* Build configuration list for PBXNativeTarget "CloudContacts" */;
			buildPhases = (
				8500110922D8D9A600D10BCC /* Sources */,
				8500110A22D8D9A600D10BCC /* Frameworks */,
				8500110B22D8D9A600D10BCC /* Resources */,
			);
			buildRules = (
			);
			dependencies = (
			);
			name = CloudContacts;
			productName = CloudContacts;
			productReference = 8500110D22D8D9A600D10BCC /* CloudContacts.app */;
			productType = "com.apple.product-type.application";
		};
/* End PBXNativeTarget section */

/* Begin PBXProject section */
		8500110522D8D9A500D10BCC /* Project object */ = {
			isa = PBXProject;
			attributes = {
				LastSwiftUpdateCheck = 1020;
				LastUpgradeCheck = 1020;
				ORGANIZATIONNAME = "Timothy Rosenvall";
				TargetAttributes = {
					8500110C22D8D9A600D10BCC = {
						CreatedOnToolsVersion = 10.2.1;
					};
				};
			};
			buildConfigurationList = 8500110822D8D9A500D10BCC /* Build configuration list for PBXProject "CloudContacts" */;
			compatibilityVersion = "Xcode 9.3";
			developmentRegion = en;
			hasScannedForEncodings = 0;
			knownRegions = (
				en,
				Base,
			);
			mainGroup = 8500110422D8D9A500D10BCC;
			productRefGroup = 8500110E22D8D9A600D10BCC /* Products */;
			projectDirPath = "";
			projectRoot = "";
			targets = (
				8500110C22D8D9A600D10BCC /* CloudContacts */,
			);
		};
/* End PBXProject section */

/* Begin PBXResourcesBuildPhase section */
		8500110B22D8D9A600D10BCC /* Resources */ = {
			isa = PBXResourcesBuildPhase;
			buildActionMask = 2147483647;
			files = (
				8500111B22D8D9A700D10BCC /* LaunchScreen.storyboard in Resources */,
				8500111822D8D9A700D10BCC /* Assets.xcassets in Resources */,
				8500111622D8D9A600D10BCC /* Main.storyboard in Resources */,
			);
			runOnlyForDeploymentPostprocessing = 0;
		};
/* End PBXResourcesBuildPhase section */

/* Begin PBXSourcesBuildPhase section */
		8500110922D8D9A600D10BCC /* Sources */ = {
			isa = PBXSourcesBuildPhase;
			buildActionMask = 2147483647;
			files = (
				8500112D22D8E00500D10BCC /* Contact.swift in Sources */,
				8500113022D8E0EB00D10BCC /* ContactController.swift in Sources */,
				8500112B22D8DFC800D10BCC /* ContactTableViewCell.swift in Sources */,
				8500112822D8DF6500D10BCC /* ContactListTableViewController.swift in Sources */,
				8500113222D8E23400D10BCC /* ContactDetailViewController.swift in Sources */,
				8500111122D8D9A600D10BCC /* AppDelegate.swift in Sources */,
			);
			runOnlyForDeploymentPostprocessing = 0;
		};
/* End PBXSourcesBuildPhase section */

/* Begin PBXVariantGroup section */
		8500111422D8D9A600D10BCC /* Main.storyboard */ = {
			isa = PBXVariantGroup;
			children = (
				8500111522D8D9A600D10BCC /* Base */,
			);
			name = Main.storyboard;
			sourceTree = "<group>";
		};
		8500111922D8D9A700D10BCC /* LaunchScreen.storyboard */ = {
			isa = PBXVariantGroup;
			children = (
				8500111A22D8D9A700D10BCC /* Base */,
			);
			name = LaunchScreen.storyboard;
			sourceTree = "<group>";
		};
/* End PBXVariantGroup section */

/* Begin XCBuildConfiguration section */
		8500111D22D8D9A700D10BCC /* Debug */ = {
			isa = XCBuildConfiguration;
			buildSettings = {
				ALWAYS_SEARCH_USER_PATHS = NO;
				CLANG_ANALYZER_NONNULL = YES;
				CLANG_ANALYZER_NUMBER_OBJECT_CONVERSION = YES_AGGRESSIVE;
				CLANG_CXX_LANGUAGE_STANDARD = "gnu++14";
				CLANG_CXX_LIBRARY = "libc++";
				CLANG_ENABLE_MODULES = YES;
				CLANG_ENABLE_OBJC_ARC = YES;
				CLANG_ENABLE_OBJC_WEAK = YES;
				CLANG_WARN_BLOCK_CAPTURE_AUTORELEASING = YES;
				CLANG_WARN_BOOL_CONVERSION = YES;
				CLANG_WARN_COMMA = YES;
				CLANG_WARN_CONSTANT_CONVERSION = YES;
				CLANG_WARN_DEPRECATED_OBJC_IMPLEMENTATIONS = YES;
				CLANG_WARN_DIRECT_OBJC_ISA_USAGE = YES_ERROR;
				CLANG_WARN_DOCUMENTATION_COMMENTS = YES;
				CLANG_WARN_EMPTY_BODY = YES;
				CLANG_WARN_ENUM_CONVERSION = YES;
				CLANG_WARN_INFINITE_RECURSION = YES;
				CLANG_WARN_INT_CONVERSION = YES;
				CLANG_WARN_NON_LITERAL_NULL_CONVERSION = YES;
				CLANG_WARN_OBJC_IMPLICIT_RETAIN_SELF = YES;
				CLANG_WARN_OBJC_LITERAL_CONVERSION = YES;
				CLANG_WARN_OBJC_ROOT_CLASS = YES_ERROR;
				CLANG_WARN_RANGE_LOOP_ANALYSIS = YES;
				CLANG_WARN_STRICT_PROTOTYPES = YES;
				CLANG_WARN_SUSPICIOUS_MOVE = YES;
				CLANG_WARN_UNGUARDED_AVAILABILITY = YES_AGGRESSIVE;
				CLANG_WARN_UNREACHABLE_CODE = YES;
				CLANG_WARN__DUPLICATE_METHOD_MATCH = YES;
				CODE_SIGN_IDENTITY = "iPhone Developer";
				COPY_PHASE_STRIP = NO;
				DEBUG_INFORMATION_FORMAT = dwarf;
				ENABLE_STRICT_OBJC_MSGSEND = YES;
				ENABLE_TESTABILITY = YES;
				GCC_C_LANGUAGE_STANDARD = gnu11;
				GCC_DYNAMIC_NO_PIC = NO;
				GCC_NO_COMMON_BLOCKS = YES;
				GCC_OPTIMIZATION_LEVEL = 0;
				GCC_PREPROCESSOR_DEFINITIONS = (
					"DEBUG=1",
					"$(inherited)",
				);
				GCC_WARN_64_TO_32_BIT_CONVERSION = YES;
				GCC_WARN_ABOUT_RETURN_TYPE = YES_ERROR;
				GCC_WARN_UNDECLARED_SELECTOR = YES;
				GCC_WARN_UNINITIALIZED_AUTOS = YES_AGGRESSIVE;
				GCC_WARN_UNUSED_FUNCTION = YES;
				GCC_WARN_UNUSED_VARIABLE = YES;
				IPHONEOS_DEPLOYMENT_TARGET = 12.2;
				MTL_ENABLE_DEBUG_INFO = INCLUDE_SOURCE;
				MTL_FAST_MATH = YES;
				ONLY_ACTIVE_ARCH = YES;
				SDKROOT = iphoneos;
				SWIFT_ACTIVE_COMPILATION_CONDITIONS = DEBUG;
				SWIFT_OPTIMIZATION_LEVEL = "-Onone";
			};
			name = Debug;
		};
		8500111E22D8D9A700D10BCC /* Release */ = {
			isa = XCBuildConfiguration;
			buildSettings = {
				ALWAYS_SEARCH_USER_PATHS = NO;
				CLANG_ANALYZER_NONNULL = YES;
				CLANG_ANALYZER_NUMBER_OBJECT_CONVERSION = YES_AGGRESSIVE;
				CLANG_CXX_LANGUAGE_STANDARD = "gnu++14";
				CLANG_CXX_LIBRARY = "libc++";
				CLANG_ENABLE_MODULES = YES;
				CLANG_ENABLE_OBJC_ARC = YES;
				CLANG_ENABLE_OBJC_WEAK = YES;
				CLANG_WARN_BLOCK_CAPTURE_AUTORELEASING = YES;
				CLANG_WARN_BOOL_CONVERSION = YES;
				CLANG_WARN_COMMA = YES;
				CLANG_WARN_CONSTANT_CONVERSION = YES;
				CLANG_WARN_DEPRECATED_OBJC_IMPLEMENTATIONS = YES;
				CLANG_WARN_DIRECT_OBJC_ISA_USAGE = YES_ERROR;
				CLANG_WARN_DOCUMENTATION_COMMENTS = YES;
				CLANG_WARN_EMPTY_BODY = YES;
				CLANG_WARN_ENUM_CONVERSION = YES;
				CLANG_WARN_INFINITE_RECURSION = YES;
				CLANG_WARN_INT_CONVERSION = YES;
				CLANG_WARN_NON_LITERAL_NULL_CONVERSION = YES;
				CLANG_WARN_OBJC_IMPLICIT_RETAIN_SELF = YES;
				CLANG_WARN_OBJC_LITERAL_CONVERSION = YES;
				CLANG_WARN_OBJC_ROOT_CLASS = YES_ERROR;
				CLANG_WARN_RANGE_LOOP_ANALYSIS = YES;
				CLANG_WARN_STRICT_PROTOTYPES = YES;
				CLANG_WARN_SUSPICIOUS_MOVE = YES;
				CLANG_WARN_UNGUARDED_AVAILABILITY = YES_AGGRESSIVE;
				CLANG_WARN_UNREACHABLE_CODE = YES;
				CLANG_WARN__DUPLICATE_METHOD_MATCH = YES;
				CODE_SIGN_IDENTITY = "iPhone Developer";
				COPY_PHASE_STRIP = NO;
				DEBUG_INFORMATION_FORMAT = "dwarf-with-dsym";
				ENABLE_NS_ASSERTIONS = NO;
				ENABLE_STRICT_OBJC_MSGSEND = YES;
				GCC_C_LANGUAGE_STANDARD = gnu11;
				GCC_NO_COMMON_BLOCKS = YES;
				GCC_WARN_64_TO_32_BIT_CONVERSION = YES;
				GCC_WARN_ABOUT_RETURN_TYPE = YES_ERROR;
				GCC_WARN_UNDECLARED_SELECTOR = YES;
				GCC_WARN_UNINITIALIZED_AUTOS = YES_AGGRESSIVE;
				GCC_WARN_UNUSED_FUNCTION = YES;
				GCC_WARN_UNUSED_VARIABLE = YES;
				IPHONEOS_DEPLOYMENT_TARGET = 12.2;
				MTL_ENABLE_DEBUG_INFO = NO;
				MTL_FAST_MATH = YES;
				SDKROOT = iphoneos;
				SWIFT_COMPILATION_MODE = wholemodule;
				SWIFT_OPTIMIZATION_LEVEL = "-O";
				VALIDATE_PRODUCT = YES;
			};
			name = Release;
		};
		8500112022D8D9A700D10BCC /* Debug */ = {
			isa = XCBuildConfiguration;
			buildSettings = {
				ASSETCATALOG_COMPILER_APPICON_NAME = AppIcon;
				CODE_SIGN_STYLE = Automatic;
				DEVELOPMENT_TEAM = YY8J3FPYX8;
				INFOPLIST_FILE = "$(SRCROOT)/CloudContacts/Resources/Info.plist";
				LD_RUNPATH_SEARCH_PATHS = (
					"$(inherited)",
					"@executable_path/Frameworks",
				);
				PRODUCT_BUNDLE_IDENTIFIER = TAR.CloudContacts;
				PRODUCT_NAME = "$(TARGET_NAME)";
				SWIFT_VERSION = 5.0;
				TARGETED_DEVICE_FAMILY = "1,2";
			};
			name = Debug;
		};
		8500112122D8D9A700D10BCC /* Release */ = {
			isa = XCBuildConfiguration;
			buildSettings = {
				ASSETCATALOG_COMPILER_APPICON_NAME = AppIcon;
				CODE_SIGN_STYLE = Automatic;
				DEVELOPMENT_TEAM = YY8J3FPYX8;
				INFOPLIST_FILE = "$(SRCROOT)/CloudContacts/Resources/Info.plist";
				LD_RUNPATH_SEARCH_PATHS = (
					"$(inherited)",
					"@executable_path/Frameworks",
				);
				PRODUCT_BUNDLE_IDENTIFIER = TAR.CloudContacts;
				PRODUCT_NAME = "$(TARGET_NAME)";
				SWIFT_VERSION = 5.0;
				TARGETED_DEVICE_FAMILY = "1,2";
			};
			name = Release;
		};
/* End XCBuildConfiguration section */

/* Begin XCConfigurationList section */
		8500110822D8D9A500D10BCC /* Build configuration list for PBXProject "CloudContacts" */ = {
			isa = XCConfigurationList;
			buildConfigurations = (
				8500111D22D8D9A700D10BCC /* Debug */,
				8500111E22D8D9A700D10BCC /* Release */,
			);
			defaultConfigurationIsVisible = 0;
			defaultConfigurationName = Release;
		};
		8500111F22D8D9A700D10BCC /* Build configuration list for PBXNativeTarget "CloudContacts" */ = {
			isa = XCConfigurationList;
			buildConfigurations = (
				8500112022D8D9A700D10BCC /* Debug */,
				8500112122D8D9A700D10BCC /* Release */,
			);
			defaultConfigurationIsVisible = 0;
			defaultConfigurationName = Release;
		};
/* End XCConfigurationList section */
	};
	rootObject = 8500110522D8D9A500D10BCC /* Project object */;
}
